
Microsoft Visual Studio Solution File, Format Version 12.00
# Visual Studio 14
VisualStudioVersion = 14.0.23107.0
MinimumVisualStudioVersion = 10.0.40219.1
Project("{8BC9CEB8-8B4A-11D0-8D11-00A0C91BC942}") = "encode_x264", "encode_x264\encode_x264.vcxproj", "{DAA62EFB-A876-4EC7-8C8B-EE18B5E709FF}"
EndProject
Project("{8BC9CEB8-8B4A-11D0-8D11-00A0C91BC942}") = "decode_x264", "decode_x264\decode_x264.vcxproj", "{14059D3F-D3B2-43CF-930A-DA9409999231}"
EndProject
Project("{8BC9CEB8-8B4A-11D0-8D11-00A0C91BC942}") = "list_devices", "list_devices\list_devices.vcxproj", "{B36068C2-9CA2-49C5-B23A-4522FCA594C6}"
EndProject
Project("{8BC9CEB8-8B4A-11D0-8D11-00A0C91BC942}") = "decode_aac", "decode_aac\decode_aac.vcxproj", "{8D24D36F-3B7B-4ADA-9715-D47D9887F36C}"
EndProject
Global
	GlobalSection(SolutionConfigurationPlatforms) = preSolution
		Debug|x64 = Debug|x64
		Debug|x86 = Debug|x86
		Release|x64 = Release|x64
		Release|x86 = Release|x86
	EndGlobalSection
	GlobalSection(ProjectConfigurationPlatforms) = postSolution
		{DAA62EFB-A876-4EC7-8C8B-EE18B5E709FF}.Debug|x64.ActiveCfg = Debug|x64
		{DAA62EFB-A876-4EC7-8C8B-EE18B5E709FF}.Debug|x64.Build.0 = Debug|x64
		{DAA62EFB-A876-4EC7-8C8B-EE18B5E709FF}.Debug|x86.ActiveCfg = Debug|Win32
		{DAA62EFB-A876-4EC7-8C8B-EE18B5E709FF}.Debug|x86.Build.0 = Debug|Win32
		{DAA62EFB-A876-4EC7-8C8B-EE18B5E709FF}.Release|x64.ActiveCfg = Release|x64
		{DAA62EFB-A876-4EC7-8C8B-EE18B5E709FF}.Release|x64.Build.0 = Release|x64
		{DAA62EFB-A876-4EC7-8C8B-EE18B5E709FF}.Release|x86.ActiveCfg = Release|Win32
		{DAA62EFB-A876-4EC7-8C8B-EE18B5E709FF}.Release|x86.Build.0 = Release|Win32
		{14059D3F-D3B2-43CF-930A-DA9409999231}.Debug|x64.ActiveCfg = Debug|x64
		{14059D3F-D3B2-43CF-930A-DA9409999231}.Debug|x64.Build.0 = Debug|x64
		{14059D3F-D3B2-43CF-930A-DA9409999231}.Debug|x86.ActiveCfg = Debug|Win32
		{14059D3F-D3B2-43CF-930A-DA9409999231}.Debug|x86.Build.0 = Debug|Win32
		{14059D3F-D3B2-43CF-930A-DA9409999231}.Release|x64.ActiveCfg = Release|x64
		{14059D3F-D3B2-43CF-930A-DA9409999231}.Release|x64.Build.0 = Release|x64
		{14059D3F-D3B2-43CF-930A-DA9409999231}.Release|x86.ActiveCfg = Release|Win32
		{14059D3F-D3B2-43CF-930A-DA9409999231}.Release|x86.Build.0 = Release|Win32
		{B36068C2-9CA2-49C5-B23A-4522FCA594C6}.Debug|x64.ActiveCfg = Debug|x64
		{B36068C2-9CA2-49C5-B23A-4522FCA594C6}.Debug|x64.Build.0 = Debug|x64
		{B36068C2-9CA2-49C5-B23A-4522FCA594C6}.Debug|x86.ActiveCfg = Debug|Win32
		{B36068C2-9CA2-49C5-B23A-4522FCA594C6}.Debug|x86.Build.0 = Debug|Win32
		{B36068C2-9CA2-49C5-B23A-4522FCA594C6}.Release|x64.ActiveCfg = Release|x64
		{B36068C2-9CA2-49C5-B23A-4522FCA594C6}.Release|x64.Build.0 = Release|x64
		{B36068C2-9CA2-49C5-B23A-4522FCA594C6}.Release|x86.ActiveCfg = Release|Win32
		{B36068C2-9CA2-49C5-B23A-4522FCA594C6}.Release|x86.Build.0 = Release|Win32
		{8D24D36F-3B7B-4ADA-9715-D47D9887F36C}.Debug|x64.ActiveCfg = Debug|x64
		{8D24D36F-3B7B-4ADA-9715-D47D9887F36C}.Debug|x64.Build.0 = Debug|x64
		{8D24D36F-3B7B-4ADA-9715-D47D9887F36C}.Debug|x86.ActiveCfg = Debug|Win32
		{8D24D36F-3B7B-4ADA-9715-D47D9887F36C}.Debug|x86.Build.0 = Debug|Win32
		{8D24D36F-3B7B-4ADA-9715-D47D9887F36C}.Release|x64.ActiveCfg = Release|x64
		{8D24D36F-3B7B-4ADA-9715-D47D9887F36C}.Release|x64.Build.0 = Release|x64
		{8D24D36F-3B7B-4ADA-9715-D47D9887F36C}.Release|x86.ActiveCfg = Release|Win32
		{8D24D36F-3B7B-4ADA-9715-D47D9887F36C}.Release|x86.Build.0 = Release|Win32
	EndGlobalSection
	GlobalSection(SolutionProperties) = preSolution
		HideSolutionNode = FALSE
	EndGlobalSection
EndGlobal
